
Microsoft Visual Studio Solution File, Format Version 12.00
# Visual Studio 15
VisualStudioVersion = 15.0.28307.438
MinimumVisualStudioVersion = 10.0.40219.1
Project("{FAE04EC0-301F-11D3-BF4B-00C04F79EFBC}") = "MVCMovieTutorial", "MVCMovieTutorial\MVCMovieTutorial.csproj", "{8F478B2D-5498-49C9-8AFA-C4EFA01901FD}"
EndProject
Global
	GlobalSection(SolutionConfigurationPlatforms) = preSolution
		Debug|Any CPU = Debug|Any CPU
		Release|Any CPU = Release|Any CPU
	EndGlobalSection
	GlobalSection(ProjectConfigurationPlatforms) = postSolution
		{8F478B2D-5498-49C9-8AFA-C4EFA01901FD}.Debug|Any CPU.ActiveCfg = Debug|Any CPU
		{8F478B2D-5498-49C9-8AFA-C4EFA01901FD}.Debug|Any CPU.Build.0 = Debug|Any CPU
		{8F478B2D-5498-49C9-8AFA-C4EFA01901FD}.Release|Any CPU.ActiveCfg = Release|Any CPU
		{8F478B2D-5498-49C9-8AFA-C4EFA01901FD}.Release|Any CPU.Build.0 = Release|Any CPU
	EndGlobalSection
	GlobalSection(SolutionProperties) = preSolution
		HideSolutionNode = FALSE
	EndGlobalSection
	GlobalSection(ExtensibilityGlobals) = postSolution
		SolutionGuid = {86630BA8-1CB5-4F1E-9CB3-75A1424AFFB7}
	EndGlobalSection
EndGlobal
